
Microsoft Visual Studio Solution File, Format Version 12.00
# Visual Studio Version 17
VisualStudioVersion = 17.3.32922.545
MinimumVisualStudioVersion = 10.0.40219.1
Project("{FAE04EC0-301F-11D3-BF4B-00C04F79EFBC}") = "DemoGit", "DemoGit.csproj", "{5DE1DEED-3F31-445D-A30B-B30AACC9FDC3}"
EndProject
Global
	GlobalSection(SolutionConfigurationPlatforms) = preSolution
		Debug|Any CPU = Debug|Any CPU
		Release|Any CPU = Release|Any CPU
	EndGlobalSection
	GlobalSection(ProjectConfigurationPlatforms) = postSolution
		{5DE1DEED-3F31-445D-A30B-B30AACC9FDC3}.Debug|Any CPU.ActiveCfg = Debug|Any CPU
		{5DE1DEED-3F31-445D-A30B-B30AACC9FDC3}.Debug|Any CPU.Build.0 = Debug|Any CPU
		{5DE1DEED-3F31-445D-A30B-B30AACC9FDC3}.Release|Any CPU.ActiveCfg = Release|Any CPU
		{5DE1DEED-3F31-445D-A30B-B30AACC9FDC3}.Release|Any CPU.Build.0 = Release|Any CPU
	EndGlobalSection
	GlobalSection(SolutionProperties) = preSolution
		HideSolutionNode = FALSE
	EndGlobalSection
	GlobalSection(ExtensibilityGlobals) = postSolution
		SolutionGuid = {2DC88C65-DA84-44BC-BC1A-AA3F44BEC3A2}
	EndGlobalSection
EndGlobal
